// !$*UTF8*$!
{
	archiveVersion = 1;
	classes = {
	};
	objectVersion = 56;
	objects = {

/* Begin PBXBuildFile section */
		260554BE2A39E05500EC9F4A /* HomeTableViewCell.swift in Sources */ = {isa = PBXBuildFile; fileRef = 260554BC2A39E05500EC9F4A /* HomeTableViewCell.swift */; };
		260554BF2A39E05500EC9F4A /* HomeTableViewCell.xib in Resources */ = {isa = PBXBuildFile; fileRef = 260554BD2A39E05500EC9F4A /* HomeTableViewCell.xib */; };
		260554C12A39E06B00EC9F4A /* HomeViewController.swift in Sources */ = {isa = PBXBuildFile; fileRef = 260554C02A39E06B00EC9F4A /* HomeViewController.swift */; };
		260554C52A39E42800EC9F4A /* PostRouter.swift in Sources */ = {isa = PBXBuildFile; fileRef = 260554C42A39E42800EC9F4A /* PostRouter.swift */; };
		260554C72A39E6BF00EC9F4A /* PostAPIService.swift in Sources */ = {isa = PBXBuildFile; fileRef = 260554C62A39E6BF00EC9F4A /* PostAPIService.swift */; };
		260554C92A39EBAC00EC9F4A /* PostEntity.swift in Sources */ = {isa = PBXBuildFile; fileRef = 260554C82A39EBAC00EC9F4A /* PostEntity.swift */; };
		260554CD2A39EFE000EC9F4A /* AuthorEtity.swift in Sources */ = {isa = PBXBuildFile; fileRef = 260554CC2A39EFE000EC9F4A /* AuthorEtity.swift */; };
		260554CF2A39EFF500EC9F4A /* ProfileEntity.swift in Sources */ = {isa = PBXBuildFile; fileRef = 260554CE2A39EFF500EC9F4A /* ProfileEntity.swift */; };
		262332242A39F58F00C1D612 /* ArrayResponse.swift in Sources */ = {isa = PBXBuildFile; fileRef = 262332232A39F58F00C1D612 /* ArrayResponse.swift */; };
		263448132A400FCC006F94B8 /* PinPostPresent.swift in Sources */ = {isa = PBXBuildFile; fileRef = 263448122A400FCC006F94B8 /* PinPostPresent.swift */; };
		263448152A400FF7006F94B8 /* PinPostViewController.swift in Sources */ = {isa = PBXBuildFile; fileRef = 263448142A400FF7006F94B8 /* PinPostViewController.swift */; };
		2634481D2A40152F006F94B8 /* PinPostTableViewCell.swift in Sources */ = {isa = PBXBuildFile; fileRef = 2634481B2A40152F006F94B8 /* PinPostTableViewCell.swift */; };
		2634481E2A40152F006F94B8 /* PinPostTableViewCell.xib in Resources */ = {isa = PBXBuildFile; fileRef = 2634481C2A40152F006F94B8 /* PinPostTableViewCell.xib */; };
		263448212A402F6D006F94B8 /* PinPostRouter.swift in Sources */ = {isa = PBXBuildFile; fileRef = 263448202A402F6D006F94B8 /* PinPostRouter.swift */; };
		263448232A402F7C006F94B8 /* PinPostAPIService.swift in Sources */ = {isa = PBXBuildFile; fileRef = 263448222A402F7C006F94B8 /* PinPostAPIService.swift */; };
		263448252A4086D3006F94B8 /* PinPostRepository.swift in Sources */ = {isa = PBXBuildFile; fileRef = 263448242A4086D3006F94B8 /* PinPostRepository.swift */; };
		2649A2C92A44812F002F4E20 /* PinEntity.swift in Sources */ = {isa = PBXBuildFile; fileRef = 2649A2C82A44812F002F4E20 /* PinEntity.swift */; };
		2649A2CB2A45C910002F4E20 /* NetworkManager.swift in Sources */ = {isa = PBXBuildFile; fileRef = 2649A2CA2A45C910002F4E20 /* NetworkManager.swift */; };
		2649A2CD2A45DEA9002F4E20 /* AuthenticateHandler.swift in Sources */ = {isa = PBXBuildFile; fileRef = 2649A2CC2A45DEA9002F4E20 /* AuthenticateHandler.swift */; };
		265EC96A2A2E104400DE6521 /* LoginViewController.swift in Sources */ = {isa = PBXBuildFile; fileRef = 265EC9692A2E104400DE6521 /* LoginViewController.swift */; };
		265EC96C2A2E106200DE6521 /* LoginPresenter.swift in Sources */ = {isa = PBXBuildFile; fileRef = 265EC96B2A2E106200DE6521 /* LoginPresenter.swift */; };
		265EC9972A2E18AE00DE6521 /* Ex1Tests.swift in Sources */ = {isa = PBXBuildFile; fileRef = 265EC9962A2E18AE00DE6521 /* Ex1Tests.swift */; };
		265EC99F2A2E235A00DE6521 /* LoginEntity.swift in Sources */ = {isa = PBXBuildFile; fileRef = 265EC99E2A2E235A00DE6521 /* LoginEntity.swift */; };
		265EC9A22A2E249800DE6521 /* AuthRepository.swift in Sources */ = {isa = PBXBuildFile; fileRef = 265EC9A12A2E249800DE6521 /* AuthRepository.swift */; };
		265EC9AB2A30B1EE00DE6521 /* AuthRouter.swift in Sources */ = {isa = PBXBuildFile; fileRef = 265EC9AA2A30B1EE00DE6521 /* AuthRouter.swift */; };
		265EC9AF2A30B44A00DE6521 /* Constants.swift in Sources */ = {isa = PBXBuildFile; fileRef = 265EC9AE2A30B44A00DE6521 /* Constants.swift */; };
		265EC9B22A32469800DE6521 /* enums.swift in Sources */ = {isa = PBXBuildFile; fileRef = 265EC9B12A32469800DE6521 /* enums.swift */; };
		265EC9B42A3246B300DE6521 /* Validator.swift in Sources */ = {isa = PBXBuildFile; fileRef = 265EC9B32A3246B300DE6521 /* Validator.swift */; };
		265EC9B62A3246DC00DE6521 /* Connnectivity.swift in Sources */ = {isa = PBXBuildFile; fileRef = 265EC9B52A3246DC00DE6521 /* Connnectivity.swift */; };
		265EC9B92A3247B200DE6521 /* AuthAPIService.swift in Sources */ = {isa = PBXBuildFile; fileRef = 265EC9B82A3247B200DE6521 /* AuthAPIService.swift */; };
		265EC9BC2A32B97000DE6521 /* UserEntitiy.swift in Sources */ = {isa = PBXBuildFile; fileRef = 265EC9BB2A32B97000DE6521 /* UserEntitiy.swift */; };
		265EC9BF2A334AA400DE6521 /* UserDefaultService.swift in Sources */ = {isa = PBXBuildFile; fileRef = 265EC9BE2A334AA400DE6521 /* UserDefaultService.swift */; };
		265EC9C12A33564E00DE6521 /* AuthService.swift in Sources */ = {isa = PBXBuildFile; fileRef = 265EC9C02A33564E00DE6521 /* AuthService.swift */; };
		265EC9C92A35A83E00DE6521 /* RegisterViewController.swift in Sources */ = {isa = PBXBuildFile; fileRef = 265EC9C82A35A83E00DE6521 /* RegisterViewController.swift */; };
		265EC9CC2A36C0D900DE6521 /* RegisterPresent.swift in Sources */ = {isa = PBXBuildFile; fileRef = 265EC9CB2A36C0D900DE6521 /* RegisterPresent.swift */; };
		265EC9CF2A3745B500DE6521 /* MainVC.swift in Sources */ = {isa = PBXBuildFile; fileRef = 265EC9CE2A3745B500DE6521 /* MainVC.swift */; };
		266C0BF52A3C071700A54CB8 /* HomePresent.swift in Sources */ = {isa = PBXBuildFile; fileRef = 266C0BF42A3C071700A54CB8 /* HomePresent.swift */; };
		266C0BF72A3C320400A54CB8 /* PostRepository.swift in Sources */ = {isa = PBXBuildFile; fileRef = 266C0BF62A3C320400A54CB8 /* PostRepository.swift */; };
		268F7F322A4214D300371229 /* FavoriteRouter.swift in Sources */ = {isa = PBXBuildFile; fileRef = 268F7F312A4214D300371229 /* FavoriteRouter.swift */; };
		268F7F342A4214F700371229 /* FavoriteAPIService.swift in Sources */ = {isa = PBXBuildFile; fileRef = 268F7F332A4214F700371229 /* FavoriteAPIService.swift */; };
		268F7F382A421E0700371229 /* FavoriteTableViewCell.swift in Sources */ = {isa = PBXBuildFile; fileRef = 268F7F362A421E0700371229 /* FavoriteTableViewCell.swift */; };
		268F7F392A421E0700371229 /* FavoriteTableViewCell.xib in Resources */ = {isa = PBXBuildFile; fileRef = 268F7F372A421E0700371229 /* FavoriteTableViewCell.xib */; };
		268F7F3C2A421E3400371229 /* FavoriteViewController.swift in Sources */ = {isa = PBXBuildFile; fileRef = 268F7F3B2A421E3400371229 /* FavoriteViewController.swift */; };
		268F7F3E2A421E4B00371229 /* FavoritePresent.swift in Sources */ = {isa = PBXBuildFile; fileRef = 268F7F3D2A421E4B00371229 /* FavoritePresent.swift */; };
		268F7F402A42293C00371229 /* FavoriteRepository.swift in Sources */ = {isa = PBXBuildFile; fileRef = 268F7F3F2A42293C00371229 /* FavoriteRepository.swift */; };
		268F7F422A42980700371229 /* FavoriteEntity.swift in Sources */ = {isa = PBXBuildFile; fileRef = 268F7F412A42980700371229 /* FavoriteEntity.swift */; };
		268F7F442A42E59700371229 /* ObjectResponse.swift in Sources */ = {isa = PBXBuildFile; fileRef = 268F7F432A42E59700371229 /* ObjectResponse.swift */; };
		268F7F472A431AA200371229 /* Model.xcdatamodeld in Sources */ = {isa = PBXBuildFile; fileRef = 268F7F452A431AA200371229 /* Model.xcdatamodeld */; };
		268F7F912A43262D00371229 /* PostCoreDataService.swift in Sources */ = {isa = PBXBuildFile; fileRef = 268F7F902A43262D00371229 /* PostCoreDataService.swift */; };
		26AC93CE2A374BA4003C47F9 /* MainTabbarViewController.swift in Sources */ = {isa = PBXBuildFile; fileRef = 26AC93CD2A374BA4003C47F9 /* MainTabbarViewController.swift */; };
		26AC93D02A37528B003C47F9 /* CustomStyleTabBarContentView.swift in Sources */ = {isa = PBXBuildFile; fileRef = 26AC93CF2A37528B003C47F9 /* CustomStyleTabBarContentView.swift */; };
		26AC93D32A375D65003C47F9 /* AppColors.swift in Sources */ = {isa = PBXBuildFile; fileRef = 26AC93D12A375D64003C47F9 /* AppColors.swift */; };
		26AC93D42A375D65003C47F9 /* AppNavigationController.swift in Sources */ = {isa = PBXBuildFile; fileRef = 26AC93D22A375D64003C47F9 /* AppNavigationController.swift */; };
		26B24A7C2A49B3AE0047A8AE /* ProfileViewController.swift in Sources */ = {isa = PBXBuildFile; fileRef = 26B24A7B2A49B3AE0047A8AE /* ProfileViewController.swift */; };
		26B24A7E2A49C4040047A8AE /* ProfilePresent.swift in Sources */ = {isa = PBXBuildFile; fileRef = 26B24A7D2A49C4040047A8AE /* ProfilePresent.swift */; };
		26B24A822A49C45E0047A8AE /* UserAPIServiceRouter.swift in Sources */ = {isa = PBXBuildFile; fileRef = 26B24A802A49C45E0047A8AE /* UserAPIServiceRouter.swift */; };
		26B24A832A49C45E0047A8AE /* UserAPIService.swift in Sources */ = {isa = PBXBuildFile; fileRef = 26B24A812A49C45E0047A8AE /* UserAPIService.swift */; };
		26B24A862A49C9690047A8AE /* UpdateProfilePresenter.swift in Sources */ = {isa = PBXBuildFile; fileRef = 26B24A852A49C9690047A8AE /* UpdateProfilePresenter.swift */; };
		26B24A882A49CB5A0047A8AE /* UpdateProfileViewController.swift in Sources */ = {isa = PBXBuildFile; fileRef = 26B24A872A49CB5A0047A8AE /* UpdateProfileViewController.swift */; };
		26B24A8C2A4BB99D0047A8AE /* DetailCommentViewController.swift in Sources */ = {isa = PBXBuildFile; fileRef = 26B24A8A2A4BB99D0047A8AE /* DetailCommentViewController.swift */; };
		26B24A912A4BBB410047A8AE /* DetailCommentTableViewCell.swift in Sources */ = {isa = PBXBuildFile; fileRef = 26B24A8F2A4BBB410047A8AE /* DetailCommentTableViewCell.swift */; };
		26B24A922A4BBB410047A8AE /* DetailCommentTableViewCell.xib in Resources */ = {isa = PBXBuildFile; fileRef = 26B24A902A4BBB410047A8AE /* DetailCommentTableViewCell.xib */; };
		26B24A942A4BE56E0047A8AE /* UserRepository.swift in Sources */ = {isa = PBXBuildFile; fileRef = 26B24A932A4BE56E0047A8AE /* UserRepository.swift */; };
		26F99B482A29926800F0AF8F /* AppDelegate.swift in Sources */ = {isa = PBXBuildFile; fileRef = 26F99B472A29926800F0AF8F /* AppDelegate.swift */; };
		26F99B4A2A29926800F0AF8F /* SceneDelegate.swift in Sources */ = {isa = PBXBuildFile; fileRef = 26F99B492A29926800F0AF8F /* SceneDelegate.swift */; };
		26F99B4C2A29926800F0AF8F /* ViewController.swift in Sources */ = {isa = PBXBuildFile; fileRef = 26F99B4B2A29926800F0AF8F /* ViewController.swift */; };
		26F99B4F2A29926800F0AF8F /* Main.storyboard in Resources */ = {isa = PBXBuildFile; fileRef = 26F99B4D2A29926800F0AF8F /* Main.storyboard */; };
		26F99B512A29926A00F0AF8F /* Assets.xcassets in Resources */ = {isa = PBXBuildFile; fileRef = 26F99B502A29926A00F0AF8F /* Assets.xcassets */; };
		26F99B542A29926A00F0AF8F /* LaunchScreen.storyboard in Resources */ = {isa = PBXBuildFile; fileRef = 26F99B522A29926A00F0AF8F /* LaunchScreen.storyboard */; };
		26F99B822A29C55000F0AF8F /* ItemSectionCollectionViewCell.swift in Sources */ = {isa = PBXBuildFile; fileRef = 26F99B802A29C55000F0AF8F /* ItemSectionCollectionViewCell.swift */; };
		26F99B832A29C55000F0AF8F /* ItemSectionCollectionViewCell.xib in Resources */ = {isa = PBXBuildFile; fileRef = 26F99B812A29C55000F0AF8F /* ItemSectionCollectionViewCell.xib */; };
		26F99B892A29E8B900F0AF8F /* TutorialViewController.swift in Sources */ = {isa = PBXBuildFile; fileRef = 26F99B882A29E8B900F0AF8F /* TutorialViewController.swift */; };
		7213DE18151813D09A62EF4D /* Pods_Ex1Tests.framework in Frameworks */ = {isa = PBXBuildFile; fileRef = AF952BA41440D290DBD972E5 /* Pods_Ex1Tests.framework */; };
		8CD429F0F9EFE3E055B8634A /* Pods_Ex1.framework in Frameworks */ = {isa = PBXBuildFile; fileRef = 86C2077883A490FBD1FDBD4B /* Pods_Ex1.framework */; };
		E18A86962B59B4D240F80D71 /* Ex1Tests-Ex1Mocks.generated.swift in Sources */ = {isa = PBXBuildFile; fileRef = 9C535F0DDFF42975A85CCD55 /* Ex1Tests-Ex1Mocks.generated.swift */; };
/* End PBXBuildFile section */

/* Begin PBXContainerItemProxy section */
		265EC9982A2E18AE00DE6521 /* PBXContainerItemProxy */ = {
			isa = PBXContainerItemProxy;
			containerPortal = 26F99B3C2A29926800F0AF8F /* Project object */;
			proxyType = 1;
			remoteGlobalIDString = 26F99B432A29926800F0AF8F;
			remoteInfo = Ex1;
		};
/* End PBXContainerItemProxy section */

/* Begin PBXFileReference section */
		189CECDB2FD6F1DEA5C24669 /* Pods-Ex1Tests.release.xcconfig */ = {isa = PBXFileReference; includeInIndex = 1; lastKnownFileType = text.xcconfig; name = "Pods-Ex1Tests.release.xcconfig"; path = "Target Support Files/Pods-Ex1Tests/Pods-Ex1Tests.release.xcconfig"; sourceTree = "<group>"; };
		260554BC2A39E05500EC9F4A /* HomeTableViewCell.swift */ = {isa = PBXFileReference; lastKnownFileType = sourcecode.swift; path = HomeTableViewCell.swift; sourceTree = "<group>"; };
		260554BD2A39E05500EC9F4A /* HomeTableViewCell.xib */ = {isa = PBXFileReference; lastKnownFileType = file.xib; path = HomeTableViewCell.xib; sourceTree = "<group>"; };
		260554C02A39E06B00EC9F4A /* HomeViewController.swift */ = {isa = PBXFileReference; lastKnownFileType = sourcecode.swift; path = HomeViewController.swift; sourceTree = "<group>"; };
		260554C42A39E42800EC9F4A /* PostRouter.swift */ = {isa = PBXFileReference; lastKnownFileType = sourcecode.swift; path = PostRouter.swift; sourceTree = "<group>"; };
		260554C62A39E6BF00EC9F4A /* PostAPIService.swift */ = {isa = PBXFileReference; lastKnownFileType = sourcecode.swift; path = PostAPIService.swift; sourceTree = "<group>"; };
		260554C82A39EBAC00EC9F4A /* PostEntity.swift */ = {isa = PBXFileReference; lastKnownFileType = sourcecode.swift; path = PostEntity.swift; sourceTree = "<group>"; };
		260554CC2A39EFE000EC9F4A /* AuthorEtity.swift */ = {isa = PBXFileReference; lastKnownFileType = sourcecode.swift; path = AuthorEtity.swift; sourceTree = "<group>"; };
		260554CE2A39EFF500EC9F4A /* ProfileEntity.swift */ = {isa = PBXFileReference; lastKnownFileType = sourcecode.swift; path = ProfileEntity.swift; sourceTree = "<group>"; };
		262332232A39F58F00C1D612 /* ArrayResponse.swift */ = {isa = PBXFileReference; lastKnownFileType = sourcecode.swift; path = ArrayResponse.swift; sourceTree = "<group>"; };
		263448122A400FCC006F94B8 /* PinPostPresent.swift */ = {isa = PBXFileReference; lastKnownFileType = sourcecode.swift; path = PinPostPresent.swift; sourceTree = "<group>"; };
		263448142A400FF7006F94B8 /* PinPostViewController.swift */ = {isa = PBXFileReference; lastKnownFileType = sourcecode.swift; path = PinPostViewController.swift; sourceTree = "<group>"; };
		2634481B2A40152F006F94B8 /* PinPostTableViewCell.swift */ = {isa = PBXFileReference; lastKnownFileType = sourcecode.swift; path = PinPostTableViewCell.swift; sourceTree = "<group>"; };
		2634481C2A40152F006F94B8 /* PinPostTableViewCell.xib */ = {isa = PBXFileReference; lastKnownFileType = file.xib; path = PinPostTableViewCell.xib; sourceTree = "<group>"; };
		263448202A402F6D006F94B8 /* PinPostRouter.swift */ = {isa = PBXFileReference; lastKnownFileType = sourcecode.swift; path = PinPostRouter.swift; sourceTree = "<group>"; };
		263448222A402F7C006F94B8 /* PinPostAPIService.swift */ = {isa = PBXFileReference; lastKnownFileType = sourcecode.swift; path = PinPostAPIService.swift; sourceTree = "<group>"; };
		263448242A4086D3006F94B8 /* PinPostRepository.swift */ = {isa = PBXFileReference; lastKnownFileType = sourcecode.swift; path = PinPostRepository.swift; sourceTree = "<group>"; };
		2649A2C82A44812F002F4E20 /* PinEntity.swift */ = {isa = PBXFileReference; lastKnownFileType = sourcecode.swift; path = PinEntity.swift; sourceTree = "<group>"; };
		2649A2CA2A45C910002F4E20 /* NetworkManager.swift */ = {isa = PBXFileReference; lastKnownFileType = sourcecode.swift; path = NetworkManager.swift; sourceTree = "<group>"; };
		2649A2CC2A45DEA9002F4E20 /* AuthenticateHandler.swift */ = {isa = PBXFileReference; fileEncoding = 4; lastKnownFileType = sourcecode.swift; path = AuthenticateHandler.swift; sourceTree = "<group>"; };
		265EC9692A2E104400DE6521 /* LoginViewController.swift */ = {isa = PBXFileReference; lastKnownFileType = sourcecode.swift; path = LoginViewController.swift; sourceTree = "<group>"; };
		265EC96B2A2E106200DE6521 /* LoginPresenter.swift */ = {isa = PBXFileReference; lastKnownFileType = sourcecode.swift; path = LoginPresenter.swift; sourceTree = "<group>"; };
		265EC9942A2E18AE00DE6521 /* Ex1Tests.xctest */ = {isa = PBXFileReference; explicitFileType = wrapper.cfbundle; includeInIndex = 0; path = Ex1Tests.xctest; sourceTree = BUILT_PRODUCTS_DIR; };
		265EC9962A2E18AE00DE6521 /* Ex1Tests.swift */ = {isa = PBXFileReference; lastKnownFileType = sourcecode.swift; path = Ex1Tests.swift; sourceTree = "<group>"; };
		265EC99E2A2E235A00DE6521 /* LoginEntity.swift */ = {isa = PBXFileReference; lastKnownFileType = sourcecode.swift; path = LoginEntity.swift; sourceTree = "<group>"; };
		265EC9A12A2E249800DE6521 /* AuthRepository.swift */ = {isa = PBXFileReference; lastKnownFileType = sourcecode.swift; path = AuthRepository.swift; sourceTree = "<group>"; };
		265EC9AA2A30B1EE00DE6521 /* AuthRouter.swift */ = {isa = PBXFileReference; lastKnownFileType = sourcecode.swift; path = AuthRouter.swift; sourceTree = "<group>"; };
		265EC9AE2A30B44A00DE6521 /* Constants.swift */ = {isa = PBXFileReference; lastKnownFileType = sourcecode.swift; path = Constants.swift; sourceTree = "<group>"; };
		265EC9B12A32469800DE6521 /* enums.swift */ = {isa = PBXFileReference; lastKnownFileType = sourcecode.swift; path = enums.swift; sourceTree = "<group>"; };
		265EC9B32A3246B300DE6521 /* Validator.swift */ = {isa = PBXFileReference; lastKnownFileType = sourcecode.swift; path = Validator.swift; sourceTree = "<group>"; };
		265EC9B52A3246DC00DE6521 /* Connnectivity.swift */ = {isa = PBXFileReference; lastKnownFileType = sourcecode.swift; path = Connnectivity.swift; sourceTree = "<group>"; };
		265EC9B82A3247B200DE6521 /* AuthAPIService.swift */ = {isa = PBXFileReference; lastKnownFileType = sourcecode.swift; path = AuthAPIService.swift; sourceTree = "<group>"; };
		265EC9BB2A32B97000DE6521 /* UserEntitiy.swift */ = {isa = PBXFileReference; lastKnownFileType = sourcecode.swift; path = UserEntitiy.swift; sourceTree = "<group>"; };
		265EC9BE2A334AA400DE6521 /* UserDefaultService.swift */ = {isa = PBXFileReference; lastKnownFileType = sourcecode.swift; path = UserDefaultService.swift; sourceTree = "<group>"; };
		265EC9C02A33564E00DE6521 /* AuthService.swift */ = {isa = PBXFileReference; lastKnownFileType = sourcecode.swift; path = AuthService.swift; sourceTree = "<group>"; };
		265EC9C82A35A83E00DE6521 /* RegisterViewController.swift */ = {isa = PBXFileReference; lastKnownFileType = sourcecode.swift; path = RegisterViewController.swift; sourceTree = "<group>"; };
		265EC9CB2A36C0D900DE6521 /* RegisterPresent.swift */ = {isa = PBXFileReference; lastKnownFileType = sourcecode.swift; path = RegisterPresent.swift; sourceTree = "<group>"; };
		265EC9CE2A3745B500DE6521 /* MainVC.swift */ = {isa = PBXFileReference; lastKnownFileType = sourcecode.swift; path = MainVC.swift; sourceTree = "<group>"; };
		266C0BF42A3C071700A54CB8 /* HomePresent.swift */ = {isa = PBXFileReference; lastKnownFileType = sourcecode.swift; path = HomePresent.swift; sourceTree = "<group>"; };
		266C0BF62A3C320400A54CB8 /* PostRepository.swift */ = {isa = PBXFileReference; lastKnownFileType = sourcecode.swift; path = PostRepository.swift; sourceTree = "<group>"; };
		268353542A4EF98900A50FA7 /* Ex1.entitlements */ = {isa = PBXFileReference; lastKnownFileType = text.plist.entitlements; path = Ex1.entitlements; sourceTree = "<group>"; };
		268F7F312A4214D300371229 /* FavoriteRouter.swift */ = {isa = PBXFileReference; lastKnownFileType = sourcecode.swift; path = FavoriteRouter.swift; sourceTree = "<group>"; };
		268F7F332A4214F700371229 /* FavoriteAPIService.swift */ = {isa = PBXFileReference; lastKnownFileType = sourcecode.swift; path = FavoriteAPIService.swift; sourceTree = "<group>"; };
		268F7F362A421E0700371229 /* FavoriteTableViewCell.swift */ = {isa = PBXFileReference; lastKnownFileType = sourcecode.swift; path = FavoriteTableViewCell.swift; sourceTree = "<group>"; };
		268F7F372A421E0700371229 /* FavoriteTableViewCell.xib */ = {isa = PBXFileReference; lastKnownFileType = file.xib; path = FavoriteTableViewCell.xib; sourceTree = "<group>"; };
		268F7F3B2A421E3400371229 /* FavoriteViewController.swift */ = {isa = PBXFileReference; lastKnownFileType = sourcecode.swift; path = FavoriteViewController.swift; sourceTree = "<group>"; };
		268F7F3D2A421E4B00371229 /* FavoritePresent.swift */ = {isa = PBXFileReference; lastKnownFileType = sourcecode.swift; path = FavoritePresent.swift; sourceTree = "<group>"; };
		268F7F3F2A42293C00371229 /* FavoriteRepository.swift */ = {isa = PBXFileReference; lastKnownFileType = sourcecode.swift; path = FavoriteRepository.swift; sourceTree = "<group>"; };
		268F7F412A42980700371229 /* FavoriteEntity.swift */ = {isa = PBXFileReference; lastKnownFileType = sourcecode.swift; path = FavoriteEntity.swift; sourceTree = "<group>"; };
		268F7F432A42E59700371229 /* ObjectResponse.swift */ = {isa = PBXFileReference; lastKnownFileType = sourcecode.swift; path = ObjectResponse.swift; sourceTree = "<group>"; };
		268F7F462A431AA200371229 /* Model.xcdatamodel */ = {isa = PBXFileReference; lastKnownFileType = wrapper.xcdatamodel; path = Model.xcdatamodel; sourceTree = "<group>"; };
		268F7F902A43262D00371229 /* PostCoreDataService.swift */ = {isa = PBXFileReference; lastKnownFileType = sourcecode.swift; path = PostCoreDataService.swift; sourceTree = "<group>"; };
		26AC93CD2A374BA4003C47F9 /* MainTabbarViewController.swift */ = {isa = PBXFileReference; lastKnownFileType = sourcecode.swift; path = MainTabbarViewController.swift; sourceTree = "<group>"; };
		26AC93CF2A37528B003C47F9 /* CustomStyleTabBarContentView.swift */ = {isa = PBXFileReference; fileEncoding = 4; lastKnownFileType = sourcecode.swift; path = CustomStyleTabBarContentView.swift; sourceTree = "<group>"; };
		26AC93D12A375D64003C47F9 /* AppColors.swift */ = {isa = PBXFileReference; fileEncoding = 4; lastKnownFileType = sourcecode.swift; path = AppColors.swift; sourceTree = "<group>"; };
		26AC93D22A375D64003C47F9 /* AppNavigationController.swift */ = {isa = PBXFileReference; fileEncoding = 4; lastKnownFileType = sourcecode.swift; path = AppNavigationController.swift; sourceTree = "<group>"; };
		26B24A7B2A49B3AE0047A8AE /* ProfileViewController.swift */ = {isa = PBXFileReference; lastKnownFileType = sourcecode.swift; path = ProfileViewController.swift; sourceTree = "<group>"; };
		26B24A7D2A49C4040047A8AE /* ProfilePresent.swift */ = {isa = PBXFileReference; lastKnownFileType = sourcecode.swift; path = ProfilePresent.swift; sourceTree = "<group>"; };
		26B24A802A49C45E0047A8AE /* UserAPIServiceRouter.swift */ = {isa = PBXFileReference; fileEncoding = 4; lastKnownFileType = sourcecode.swift; path = UserAPIServiceRouter.swift; sourceTree = "<group>"; };
		26B24A812A49C45E0047A8AE /* UserAPIService.swift */ = {isa = PBXFileReference; fileEncoding = 4; lastKnownFileType = sourcecode.swift; path = UserAPIService.swift; sourceTree = "<group>"; };
		26B24A852A49C9690047A8AE /* UpdateProfilePresenter.swift */ = {isa = PBXFileReference; lastKnownFileType = sourcecode.swift; path = UpdateProfilePresenter.swift; sourceTree = "<group>"; };
		26B24A872A49CB5A0047A8AE /* UpdateProfileViewController.swift */ = {isa = PBXFileReference; lastKnownFileType = sourcecode.swift; path = UpdateProfileViewController.swift; sourceTree = "<group>"; };
		26B24A8A2A4BB99D0047A8AE /* DetailCommentViewController.swift */ = {isa = PBXFileReference; lastKnownFileType = sourcecode.swift; path = DetailCommentViewController.swift; sourceTree = "<group>"; };
		26B24A8F2A4BBB410047A8AE /* DetailCommentTableViewCell.swift */ = {isa = PBXFileReference; lastKnownFileType = sourcecode.swift; path = DetailCommentTableViewCell.swift; sourceTree = "<group>"; };
		26B24A902A4BBB410047A8AE /* DetailCommentTableViewCell.xib */ = {isa = PBXFileReference; lastKnownFileType = file.xib; path = DetailCommentTableViewCell.xib; sourceTree = "<group>"; };
		26B24A932A4BE56E0047A8AE /* UserRepository.swift */ = {isa = PBXFileReference; lastKnownFileType = sourcecode.swift; path = UserRepository.swift; sourceTree = "<group>"; };
		26F99B442A29926800F0AF8F /* Ex1.app */ = {isa = PBXFileReference; explicitFileType = wrapper.application; includeInIndex = 0; path = Ex1.app; sourceTree = BUILT_PRODUCTS_DIR; };
		26F99B472A29926800F0AF8F /* AppDelegate.swift */ = {isa = PBXFileReference; lastKnownFileType = sourcecode.swift; path = AppDelegate.swift; sourceTree = "<group>"; };
		26F99B492A29926800F0AF8F /* SceneDelegate.swift */ = {isa = PBXFileReference; lastKnownFileType = sourcecode.swift; path = SceneDelegate.swift; sourceTree = "<group>"; };
		26F99B4B2A29926800F0AF8F /* ViewController.swift */ = {isa = PBXFileReference; lastKnownFileType = sourcecode.swift; path = ViewController.swift; sourceTree = "<group>"; };
		26F99B4E2A29926800F0AF8F /* Base */ = {isa = PBXFileReference; lastKnownFileType = file.storyboard; name = Base; path = Base.lproj/Main.storyboard; sourceTree = "<group>"; };
		26F99B502A29926A00F0AF8F /* Assets.xcassets */ = {isa = PBXFileReference; lastKnownFileType = folder.assetcatalog; path = Assets.xcassets; sourceTree = "<group>"; };
		26F99B532A29926A00F0AF8F /* Base */ = {isa = PBXFileReference; lastKnownFileType = file.storyboard; name = Base; path = Base.lproj/LaunchScreen.storyboard; sourceTree = "<group>"; };
		26F99B552A29926A00F0AF8F /* Info.plist */ = {isa = PBXFileReference; lastKnownFileType = text.plist.xml; path = Info.plist; sourceTree = "<group>"; };
		26F99B802A29C55000F0AF8F /* ItemSectionCollectionViewCell.swift */ = {isa = PBXFileReference; lastKnownFileType = sourcecode.swift; path = ItemSectionCollectionViewCell.swift; sourceTree = "<group>"; };
		26F99B812A29C55000F0AF8F /* ItemSectionCollectionViewCell.xib */ = {isa = PBXFileReference; lastKnownFileType = file.xib; path = ItemSectionCollectionViewCell.xib; sourceTree = "<group>"; };
		26F99B882A29E8B900F0AF8F /* TutorialViewController.swift */ = {isa = PBXFileReference; lastKnownFileType = sourcecode.swift; path = TutorialViewController.swift; sourceTree = "<group>"; };
		4D55CC9159A4E51B182D6102 /* Pods-Ex1-Ex1UITests.release.xcconfig */ = {isa = PBXFileReference; includeInIndex = 1; lastKnownFileType = text.xcconfig; name = "Pods-Ex1-Ex1UITests.release.xcconfig"; path = "Target Support Files/Pods-Ex1-Ex1UITests/Pods-Ex1-Ex1UITests.release.xcconfig"; sourceTree = "<group>"; };
		5C6F90EE123D92530256894E /* Pods-Ex1-Ex1UITests.debug.xcconfig */ = {isa = PBXFileReference; includeInIndex = 1; lastKnownFileType = text.xcconfig; name = "Pods-Ex1-Ex1UITests.debug.xcconfig"; path = "Target Support Files/Pods-Ex1-Ex1UITests/Pods-Ex1-Ex1UITests.debug.xcconfig"; sourceTree = "<group>"; };
		6BB1D97B1BA980B4ECBC73A0 /* Pods-Ex1.release.xcconfig */ = {isa = PBXFileReference; includeInIndex = 1; lastKnownFileType = text.xcconfig; name = "Pods-Ex1.release.xcconfig"; path = "Target Support Files/Pods-Ex1/Pods-Ex1.release.xcconfig"; sourceTree = "<group>"; };
		86C2077883A490FBD1FDBD4B /* Pods_Ex1.framework */ = {isa = PBXFileReference; explicitFileType = wrapper.framework; includeInIndex = 0; path = Pods_Ex1.framework; sourceTree = BUILT_PRODUCTS_DIR; };
		9C535F0DDFF42975A85CCD55 /* Ex1Tests-Ex1Mocks.generated.swift */ = {isa = PBXFileReference; explicitFileType = sourcecode.swift; name = "Ex1Tests-Ex1Mocks.generated.swift"; path = "MockingbirdMocks/Ex1Tests-Ex1Mocks.generated.swift"; sourceTree = "<group>"; };
		9F0C81532D544280A22115B0 /* Pods-Ex1.debug.xcconfig */ = {isa = PBXFileReference; includeInIndex = 1; lastKnownFileType = text.xcconfig; name = "Pods-Ex1.debug.xcconfig"; path = "Target Support Files/Pods-Ex1/Pods-Ex1.debug.xcconfig"; sourceTree = "<group>"; };
		AC09D2F7863B36ADC80F6FB8 /* Pods_Ex1_Ex1UITests.framework */ = {isa = PBXFileReference; explicitFileType = wrapper.framework; includeInIndex = 0; path = Pods_Ex1_Ex1UITests.framework; sourceTree = BUILT_PRODUCTS_DIR; };
		AF952BA41440D290DBD972E5 /* Pods_Ex1Tests.framework */ = {isa = PBXFileReference; explicitFileType = wrapper.framework; includeInIndex = 0; path = Pods_Ex1Tests.framework; sourceTree = BUILT_PRODUCTS_DIR; };
		D5E9E103B0F35F2FBFBF1025 /* Pods-Ex1Tests.debug.xcconfig */ = {isa = PBXFileReference; includeInIndex = 1; lastKnownFileType = text.xcconfig; name = "Pods-Ex1Tests.debug.xcconfig"; path = "Target Support Files/Pods-Ex1Tests/Pods-Ex1Tests.debug.xcconfig"; sourceTree = "<group>"; };
/* End PBXFileReference section */

/* Begin PBXFrameworksBuildPhase section */
		265EC9912A2E18AE00DE6521 /* Frameworks */ = {
			isa = PBXFrameworksBuildPhase;
			buildActionMask = 2147483647;
			files = (
				7213DE18151813D09A62EF4D /* Pods_Ex1Tests.framework in Frameworks */,
			);
			runOnlyForDeploymentPostprocessing = 0;
		};
		26F99B412A29926800F0AF8F /* Frameworks */ = {
			isa = PBXFrameworksBuildPhase;
			buildActionMask = 2147483647;
			files = (
				8CD429F0F9EFE3E055B8634A /* Pods_Ex1.framework in Frameworks */,
			);
			runOnlyForDeploymentPostprocessing = 0;
		};
/* End PBXFrameworksBuildPhase section */

/* Begin PBXGroup section */
		260554B72A39DF6400EC9F4A /* Home */ = {
			isa = PBXGroup;
			children = (
				260554C22A39E07500EC9F4A /* Cell */,
				260554C02A39E06B00EC9F4A /* HomeViewController.swift */,
				266C0BF42A3C071700A54CB8 /* HomePresent.swift */,
			);
			path = Home;
			sourceTree = "<group>";
		};
		260554C22A39E07500EC9F4A /* Cell */ = {
			isa = PBXGroup;
			children = (
				260554BC2A39E05500EC9F4A /* HomeTableViewCell.swift */,
				260554BD2A39E05500EC9F4A /* HomeTableViewCell.xib */,
			);
			path = Cell;
			sourceTree = "<group>";
		};
		260554C32A39E40600EC9F4A /* PostAPIService */ = {
			isa = PBXGroup;
			children = (
				260554C42A39E42800EC9F4A /* PostRouter.swift */,
				260554C62A39E6BF00EC9F4A /* PostAPIService.swift */,
				262332232A39F58F00C1D612 /* ArrayResponse.swift */,
			);
			path = PostAPIService;
			sourceTree = "<group>";
		};
		263448112A400C98006F94B8 /* PinPost */ = {
			isa = PBXGroup;
			children = (
				263448162A401002006F94B8 /* Cell */,
				263448122A400FCC006F94B8 /* PinPostPresent.swift */,
				263448142A400FF7006F94B8 /* PinPostViewController.swift */,
			);
			path = PinPost;
			sourceTree = "<group>";
		};
		263448162A401002006F94B8 /* Cell */ = {
			isa = PBXGroup;
			children = (
				2634481B2A40152F006F94B8 /* PinPostTableViewCell.swift */,
				2634481C2A40152F006F94B8 /* PinPostTableViewCell.xib */,
			);
			path = Cell;
			sourceTree = "<group>";
		};
		2634481F2A402F57006F94B8 /* PinPostAPIService */ = {
			isa = PBXGroup;
			children = (
				263448222A402F7C006F94B8 /* PinPostAPIService.swift */,
				263448202A402F6D006F94B8 /* PinPostRouter.swift */,
			);
			path = PinPostAPIService;
			sourceTree = "<group>";
		};
		265EC9952A2E18AE00DE6521 /* Ex1Tests */ = {
			isa = PBXGroup;
			children = (
				265EC9962A2E18AE00DE6521 /* Ex1Tests.swift */,
			);
			path = Ex1Tests;
			sourceTree = "<group>";
		};
		265EC99D2A2E224B00DE6521 /* Entities */ = {
			isa = PBXGroup;
			children = (
				265EC99E2A2E235A00DE6521 /* LoginEntity.swift */,
				265EC9BB2A32B97000DE6521 /* UserEntitiy.swift */,
				260554C82A39EBAC00EC9F4A /* PostEntity.swift */,
				260554CC2A39EFE000EC9F4A /* AuthorEtity.swift */,
				260554CE2A39EFF500EC9F4A /* ProfileEntity.swift */,
				268F7F412A42980700371229 /* FavoriteEntity.swift */,
				2649A2C82A44812F002F4E20 /* PinEntity.swift */,
			);
			path = Entities;
			sourceTree = "<group>";
		};
		265EC9A02A2E247500DE6521 /* Repositories */ = {
			isa = PBXGroup;
			children = (
				265EC9A12A2E249800DE6521 /* AuthRepository.swift */,
				266C0BF62A3C320400A54CB8 /* PostRepository.swift */,
				263448242A4086D3006F94B8 /* PinPostRepository.swift */,
				268F7F3F2A42293C00371229 /* FavoriteRepository.swift */,
				26B24A932A4BE56E0047A8AE /* UserRepository.swift */,
			);
			path = Repositories;
			sourceTree = "<group>";
		};
		265EC9AC2A30B3BC00DE6521 /* Network */ = {
			isa = PBXGroup;
			children = (
				26B24A7F2A49C45E0047A8AE /* UserAPIService */,
				268F7F8F2A43261200371229 /* PostCoreDataService */,
				268F7F302A4214AE00371229 /* FavoriteAPIService */,
				2634481F2A402F57006F94B8 /* PinPostAPIService */,
				260554C32A39E40600EC9F4A /* PostAPIService */,
				265EC9B72A32477000DE6521 /* Authservice */,
				265EC9AD2A30B3CC00DE6521 /* Core */,
			);
			path = Network;
			sourceTree = "<group>";
		};
		265EC9AD2A30B3CC00DE6521 /* Core */ = {
			isa = PBXGroup;
			children = (
				265EC9AE2A30B44A00DE6521 /* Constants.swift */,
				265EC9B52A3246DC00DE6521 /* Connnectivity.swift */,
				268F7F432A42E59700371229 /* ObjectResponse.swift */,
				2649A2CA2A45C910002F4E20 /* NetworkManager.swift */,
				2649A2CC2A45DEA9002F4E20 /* AuthenticateHandler.swift */,
			);
			path = Core;
			sourceTree = "<group>";
		};
		265EC9B02A32468000DE6521 /* Utils */ = {
			isa = PBXGroup;
			children = (
				265EC9B12A32469800DE6521 /* enums.swift */,
				265EC9B32A3246B300DE6521 /* Validator.swift */,
			);
			path = Utils;
			sourceTree = "<group>";
		};
		265EC9B72A32477000DE6521 /* Authservice */ = {
			isa = PBXGroup;
			children = (
				265EC9AA2A30B1EE00DE6521 /* AuthRouter.swift */,
				265EC9B82A3247B200DE6521 /* AuthAPIService.swift */,
			);
			path = Authservice;
			sourceTree = "<group>";
		};
		265EC9BA2A3247D200DE6521 /* Login */ = {
			isa = PBXGroup;
			children = (
				265EC9692A2E104400DE6521 /* LoginViewController.swift */,
				265EC96B2A2E106200DE6521 /* LoginPresenter.swift */,
			);
			path = Login;
			sourceTree = "<group>";
		};
		265EC9BD2A33486900DE6521 /* Services */ = {
			isa = PBXGroup;
			children = (
				265EC9BE2A334AA400DE6521 /* UserDefaultService.swift */,
				265EC9C02A33564E00DE6521 /* AuthService.swift */,
			);
			path = Services;
			sourceTree = "<group>";
		};
		265EC9C72A35A82800DE6521 /* Register */ = {
			isa = PBXGroup;
			children = (
				265EC9C82A35A83E00DE6521 /* RegisterViewController.swift */,
				265EC9CB2A36C0D900DE6521 /* RegisterPresent.swift */,
			);
			path = Register;
			sourceTree = "<group>";
		};
		265EC9CD2A3745A000DE6521 /* Main */ = {
			isa = PBXGroup;
			children = (
				26AC93D12A375D64003C47F9 /* AppColors.swift */,
				26AC93D22A375D64003C47F9 /* AppNavigationController.swift */,
				26AC93CF2A37528B003C47F9 /* CustomStyleTabBarContentView.swift */,
				26AC93CD2A374BA4003C47F9 /* MainTabbarViewController.swift */,
				265EC9CE2A3745B500DE6521 /* MainVC.swift */,
			);
			path = Main;
			sourceTree = "<group>";
		};
		268F7F302A4214AE00371229 /* FavoriteAPIService */ = {
			isa = PBXGroup;
			children = (
				268F7F312A4214D300371229 /* FavoriteRouter.swift */,
				268F7F332A4214F700371229 /* FavoriteAPIService.swift */,
			);
			path = FavoriteAPIService;
			sourceTree = "<group>";
		};
		268F7F352A421DDF00371229 /* FavoritePost */ = {
			isa = PBXGroup;
			children = (
				268F7F3A2A421E1600371229 /* Cell */,
				268F7F3B2A421E3400371229 /* FavoriteViewController.swift */,
				268F7F3D2A421E4B00371229 /* FavoritePresent.swift */,
			);
			path = FavoritePost;
			sourceTree = "<group>";
		};
		268F7F3A2A421E1600371229 /* Cell */ = {
			isa = PBXGroup;
			children = (
				268F7F362A421E0700371229 /* FavoriteTableViewCell.swift */,
				268F7F372A421E0700371229 /* FavoriteTableViewCell.xib */,
			);
			path = Cell;
			sourceTree = "<group>";
		};
		268F7F8F2A43261200371229 /* PostCoreDataService */ = {
			isa = PBXGroup;
			children = (
				268F7F902A43262D00371229 /* PostCoreDataService.swift */,
			);
			path = PostCoreDataService;
			sourceTree = "<group>";
		};
		26B24A7A2A49B37D0047A8AE /* Profile */ = {
			isa = PBXGroup;
			children = (
				26B24A7B2A49B3AE0047A8AE /* ProfileViewController.swift */,
				26B24A7D2A49C4040047A8AE /* ProfilePresent.swift */,
			);
			path = Profile;
			sourceTree = "<group>";
		};
		26B24A7F2A49C45E0047A8AE /* UserAPIService */ = {
			isa = PBXGroup;
			children = (
				26B24A802A49C45E0047A8AE /* UserAPIServiceRouter.swift */,
				26B24A812A49C45E0047A8AE /* UserAPIService.swift */,
			);
			path = UserAPIService;
			sourceTree = "<group>";
		};
		26B24A842A49C90C0047A8AE /* UpdateProfile */ = {
			isa = PBXGroup;
			children = (
				26B24A852A49C9690047A8AE /* UpdateProfilePresenter.swift */,
				26B24A872A49CB5A0047A8AE /* UpdateProfileViewController.swift */,
			);
			path = UpdateProfile;
			sourceTree = "<group>";
		};
		26B24A892A4BB9650047A8AE /* Detail Comment */ = {
			isa = PBXGroup;
			children = (
				26B24A8E2A4BB9A50047A8AE /* Cell */,
				26B24A8F2A4BBB410047A8AE /* DetailCommentTableViewCell.swift */,
			);
			path = "Detail Comment";
			sourceTree = "<group>";
		};
		26B24A8E2A4BB9A50047A8AE /* Cell */ = {
			isa = PBXGroup;
			children = (
				26B24A902A4BBB410047A8AE /* DetailCommentTableViewCell.xib */,
				26B24A8A2A4BB99D0047A8AE /* DetailCommentViewController.swift */,
			);
			path = Cell;
			sourceTree = "<group>";
		};
		26F99B3B2A29926800F0AF8F = {
			isa = PBXGroup;
			children = (
				26B24A892A4BB9650047A8AE /* Detail Comment */,
				268F7F352A421DDF00371229 /* FavoritePost */,
				263448112A400C98006F94B8 /* PinPost */,
				260554B72A39DF6400EC9F4A /* Home */,
				265EC9BD2A33486900DE6521 /* Services */,
				265EC9B02A32468000DE6521 /* Utils */,
				265EC9AC2A30B3BC00DE6521 /* Network */,
				265EC9A02A2E247500DE6521 /* Repositories */,
				265EC99D2A2E224B00DE6521 /* Entities */,
				26F99B792A2994B600F0AF8F /* Screens */,
				26F99B462A29926800F0AF8F /* Ex1 */,
				265EC9952A2E18AE00DE6521 /* Ex1Tests */,
				26F99B452A29926800F0AF8F /* Products */,
				EC0DB36B6EE4E18FB134688F /* Pods */,
				6D799053720F28FB421195EE /* Frameworks */,
				4C276E2D9A7D7509C3FC0BCE /* Generated Mocks */,
			);
			sourceTree = "<group>";
		};
		26F99B452A29926800F0AF8F /* Products */ = {
			isa = PBXGroup;
			children = (
				26F99B442A29926800F0AF8F /* Ex1.app */,
				265EC9942A2E18AE00DE6521 /* Ex1Tests.xctest */,
			);
			name = Products;
			sourceTree = "<group>";
		};
		26F99B462A29926800F0AF8F /* Ex1 */ = {
			isa = PBXGroup;
			children = (
				268353542A4EF98900A50FA7 /* Ex1.entitlements */,
				268F7F452A431AA200371229 /* Model.xcdatamodeld */,
				26F99B472A29926800F0AF8F /* AppDelegate.swift */,
				26F99B492A29926800F0AF8F /* SceneDelegate.swift */,
				26F99B4B2A29926800F0AF8F /* ViewController.swift */,
				26F99B4D2A29926800F0AF8F /* Main.storyboard */,
				26F99B502A29926A00F0AF8F /* Assets.xcassets */,
				26F99B522A29926A00F0AF8F /* LaunchScreen.storyboard */,
				26F99B552A29926A00F0AF8F /* Info.plist */,
			);
			path = Ex1;
			sourceTree = "<group>";
		};
		26F99B792A2994B600F0AF8F /* Screens */ = {
			isa = PBXGroup;
			children = (
				26B24A7A2A49B37D0047A8AE /* Profile */,
				26B24A842A49C90C0047A8AE /* UpdateProfile */,
				265EC9CD2A3745A000DE6521 /* Main */,
				265EC9C72A35A82800DE6521 /* Register */,
				265EC9BA2A3247D200DE6521 /* Login */,
				26F99B7B2A2994FC00F0AF8F /* Tutorials */,
			);
			path = Screens;
			sourceTree = "<group>";
		};
		26F99B7A2A2994F200F0AF8F /* Cells */ = {
			isa = PBXGroup;
			children = (
				26F99B802A29C55000F0AF8F /* ItemSectionCollectionViewCell.swift */,
				26F99B812A29C55000F0AF8F /* ItemSectionCollectionViewCell.xib */,
			);
			path = Cells;
			sourceTree = "<group>";
		};
		26F99B7B2A2994FC00F0AF8F /* Tutorials */ = {
			isa = PBXGroup;
			children = (
				26F99B7A2A2994F200F0AF8F /* Cells */,
				26F99B882A29E8B900F0AF8F /* TutorialViewController.swift */,
			);
			path = Tutorials;
			sourceTree = "<group>";
		};
		4C276E2D9A7D7509C3FC0BCE /* Generated Mocks */ = {
			isa = PBXGroup;
			children = (
				9C535F0DDFF42975A85CCD55 /* Ex1Tests-Ex1Mocks.generated.swift */,
			);
			name = "Generated Mocks";
			sourceTree = "<group>";
		};
		6D799053720F28FB421195EE /* Frameworks */ = {
			isa = PBXGroup;
			children = (
				86C2077883A490FBD1FDBD4B /* Pods_Ex1.framework */,
				AC09D2F7863B36ADC80F6FB8 /* Pods_Ex1_Ex1UITests.framework */,
				AF952BA41440D290DBD972E5 /* Pods_Ex1Tests.framework */,
			);
			name = Frameworks;
			sourceTree = "<group>";
		};
		EC0DB36B6EE4E18FB134688F /* Pods */ = {
			isa = PBXGroup;
			children = (
				9F0C81532D544280A22115B0 /* Pods-Ex1.debug.xcconfig */,
				6BB1D97B1BA980B4ECBC73A0 /* Pods-Ex1.release.xcconfig */,
				5C6F90EE123D92530256894E /* Pods-Ex1-Ex1UITests.debug.xcconfig */,
				4D55CC9159A4E51B182D6102 /* Pods-Ex1-Ex1UITests.release.xcconfig */,
				D5E9E103B0F35F2FBFBF1025 /* Pods-Ex1Tests.debug.xcconfig */,
				189CECDB2FD6F1DEA5C24669 /* Pods-Ex1Tests.release.xcconfig */,
			);
			path = Pods;
			sourceTree = "<group>";
		};
/* End PBXGroup section */

/* Begin PBXNativeTarget section */
		265EC9932A2E18AE00DE6521 /* Ex1Tests */ = {
			isa = PBXNativeTarget;
			buildConfigurationList = 265EC99A2A2E18AE00DE6521 /* Build configuration list for PBXNativeTarget "Ex1Tests" */;
			buildPhases = (
				3A69F0D076EF12EDF643B95A /* [CP] Check Pods Manifest.lock */,
				0220EBCCA5750C59C4AFF863 /* Generate Mockingbird Mocks */,
				265EC9902A2E18AE00DE6521 /* Sources */,
				265EC9912A2E18AE00DE6521 /* Frameworks */,
				265EC9922A2E18AE00DE6521 /* Resources */,
				B1730916A0C0A30DE6983523 /* [CP] Embed Pods Frameworks */,
			);
			buildRules = (
			);
			dependencies = (
				265EC9992A2E18AE00DE6521 /* PBXTargetDependency */,
			);
			name = Ex1Tests;
			productName = Ex1Tests;
			productReference = 265EC9942A2E18AE00DE6521 /* Ex1Tests.xctest */;
			productType = "com.apple.product-type.bundle.unit-test";
		};
		26F99B432A29926800F0AF8F /* Ex1 */ = {
			isa = PBXNativeTarget;
			buildConfigurationList = 26F99B6E2A29926A00F0AF8F /* Build configuration list for PBXNativeTarget "Ex1" */;
			buildPhases = (
				450DD133C33E2EFBB29F905C /* [CP] Check Pods Manifest.lock */,
				26F99B402A29926800F0AF8F /* Sources */,
				26F99B412A29926800F0AF8F /* Frameworks */,
				26F99B422A29926800F0AF8F /* Resources */,
				5369BBF330007EE73B0B0E6D /* [CP] Embed Pods Frameworks */,
			);
			buildRules = (
			);
			dependencies = (
			);
			name = Ex1;
			productName = Ex1;
			productReference = 26F99B442A29926800F0AF8F /* Ex1.app */;
			productType = "com.apple.product-type.application";
		};
/* End PBXNativeTarget section */

/* Begin PBXProject section */
		26F99B3C2A29926800F0AF8F /* Project object */ = {
			isa = PBXProject;
			attributes = {
				BuildIndependentTargetsInParallel = 1;
				LastSwiftUpdateCheck = 1430;
				LastUpgradeCheck = 1430;
				TargetAttributes = {
					265EC9932A2E18AE00DE6521 = {
						CreatedOnToolsVersion = 14.3;
						TestTargetID = 26F99B432A29926800F0AF8F;
					};
					26F99B432A29926800F0AF8F = {
						CreatedOnToolsVersion = 14.3;
					};
				};
			};
			buildConfigurationList = 26F99B3F2A29926800F0AF8F /* Build configuration list for PBXProject "Ex1" */;
			compatibilityVersion = "Xcode 14.0";
			developmentRegion = en;
			hasScannedForEncodings = 0;
			knownRegions = (
				en,
				Base,
			);
			mainGroup = 26F99B3B2A29926800F0AF8F;
			productRefGroup = 26F99B452A29926800F0AF8F /* Products */;
			projectDirPath = "";
			projectRoot = "";
			targets = (
				26F99B432A29926800F0AF8F /* Ex1 */,
				265EC9932A2E18AE00DE6521 /* Ex1Tests */,
			);
		};
/* End PBXProject section */

/* Begin PBXResourcesBuildPhase section */
		265EC9922A2E18AE00DE6521 /* Resources */ = {
			isa = PBXResourcesBuildPhase;
			buildActionMask = 2147483647;
			files = (
			);
			runOnlyForDeploymentPostprocessing = 0;
		};
		26F99B422A29926800F0AF8F /* Resources */ = {
			isa = PBXResourcesBuildPhase;
			buildActionMask = 2147483647;
			files = (
				26B24A922A4BBB410047A8AE /* DetailCommentTableViewCell.xib in Resources */,
				26F99B542A29926A00F0AF8F /* LaunchScreen.storyboard in Resources */,
				26F99B512A29926A00F0AF8F /* Assets.xcassets in Resources */,
				26F99B4F2A29926800F0AF8F /* Main.storyboard in Resources */,
				2634481E2A40152F006F94B8 /* PinPostTableViewCell.xib in Resources */,
				260554BF2A39E05500EC9F4A /* HomeTableViewCell.xib in Resources */,
				268F7F392A421E0700371229 /* FavoriteTableViewCell.xib in Resources */,
				26F99B832A29C55000F0AF8F /* ItemSectionCollectionViewCell.xib in Resources */,
			);
			runOnlyForDeploymentPostprocessing = 0;
		};
/* End PBXResourcesBuildPhase section */

/* Begin PBXShellScriptBuildPhase section */
		0220EBCCA5750C59C4AFF863 /* Generate Mockingbird Mocks */ = {
			isa = PBXShellScriptBuildPhase;
			alwaysOutOfDate = 1;
			buildActionMask = 2147483647;
			files = (
			);
			inputPaths = (
			);
			name = "Generate Mockingbird Mocks";
			outputPaths = (
				"$(SRCROOT)/MockingbirdMocks/Ex1Tests-Ex1Mocks.generated.swift",
			);
			runOnlyForDeploymentPostprocessing = 0;
			shellPath = /bin/sh;
			shellScript = "set -eu\n\n# Prevent Xcode 13 from running this script while indexing.\n[[ \"${ACTION}\" == \"indexbuild\" ]] && exit 0\n\n\"${SRCROOT}/Pods/MockingbirdFramework/mockingbird\" generate --targets \"Ex1\" --outputs \"${SRCROOT}/MockingbirdMocks/Ex1Tests-Ex1Mocks.generated.swift\"";
		};
		3A69F0D076EF12EDF643B95A /* [CP] Check Pods Manifest.lock */ = {
			isa = PBXShellScriptBuildPhase;
			buildActionMask = 2147483647;
			files = (
			);
			inputFileListPaths = (
			);
			inputPaths = (
				"${PODS_PODFILE_DIR_PATH}/Podfile.lock",
				"${PODS_ROOT}/Manifest.lock",
			);
			name = "[CP] Check Pods Manifest.lock";
			outputFileListPaths = (
			);
			outputPaths = (
				"$(DERIVED_FILE_DIR)/Pods-Ex1Tests-checkManifestLockResult.txt",
			);
			runOnlyForDeploymentPostprocessing = 0;
			shellPath = /bin/sh;
			shellScript = "diff \"${PODS_PODFILE_DIR_PATH}/Podfile.lock\" \"${PODS_ROOT}/Manifest.lock\" > /dev/null\nif [ $? != 0 ] ; then\n    # print error to STDERR\n    echo \"error: The sandbox is not in sync with the Podfile.lock. Run 'pod install' or update your CocoaPods installation.\" >&2\n    exit 1\nfi\n# This output is used by Xcode 'outputs' to avoid re-running this script phase.\necho \"SUCCESS\" > \"${SCRIPT_OUTPUT_FILE_0}\"\n";
			showEnvVarsInLog = 0;
		};
		450DD133C33E2EFBB29F905C /* [CP] Check Pods Manifest.lock */ = {
			isa = PBXShellScriptBuildPhase;
			buildActionMask = 2147483647;
			files = (
			);
			inputFileListPaths = (
			);
			inputPaths = (
				"${PODS_PODFILE_DIR_PATH}/Podfile.lock",
				"${PODS_ROOT}/Manifest.lock",
			);
			name = "[CP] Check Pods Manifest.lock";
			outputFileListPaths = (
			);
			outputPaths = (
				"$(DERIVED_FILE_DIR)/Pods-Ex1-checkManifestLockResult.txt",
			);
			runOnlyForDeploymentPostprocessing = 0;
			shellPath = /bin/sh;
			shellScript = "diff \"${PODS_PODFILE_DIR_PATH}/Podfile.lock\" \"${PODS_ROOT}/Manifest.lock\" > /dev/null\nif [ $? != 0 ] ; then\n    # print error to STDERR\n    echo \"error: The sandbox is not in sync with the Podfile.lock. Run 'pod install' or update your CocoaPods installation.\" >&2\n    exit 1\nfi\n# This output is used by Xcode 'outputs' to avoid re-running this script phase.\necho \"SUCCESS\" > \"${SCRIPT_OUTPUT_FILE_0}\"\n";
			showEnvVarsInLog = 0;
		};
		5369BBF330007EE73B0B0E6D /* [CP] Embed Pods Frameworks */ = {
			isa = PBXShellScriptBuildPhase;
			buildActionMask = 2147483647;
			files = (
			);
			inputFileListPaths = (
				"${PODS_ROOT}/Target Support Files/Pods-Ex1/Pods-Ex1-frameworks-${CONFIGURATION}-input-files.xcfilelist",
			);
			name = "[CP] Embed Pods Frameworks";
			outputFileListPaths = (
				"${PODS_ROOT}/Target Support Files/Pods-Ex1/Pods-Ex1-frameworks-${CONFIGURATION}-output-files.xcfilelist",
			);
			runOnlyForDeploymentPostprocessing = 0;
			shellPath = /bin/sh;
			shellScript = "\"${PODS_ROOT}/Target Support Files/Pods-Ex1/Pods-Ex1-frameworks.sh\"\n";
			showEnvVarsInLog = 0;
		};
		B1730916A0C0A30DE6983523 /* [CP] Embed Pods Frameworks */ = {
			isa = PBXShellScriptBuildPhase;
			buildActionMask = 2147483647;
			files = (
			);
			inputFileListPaths = (
				"${PODS_ROOT}/Target Support Files/Pods-Ex1Tests/Pods-Ex1Tests-frameworks-${CONFIGURATION}-input-files.xcfilelist",
			);
			name = "[CP] Embed Pods Frameworks";
			outputFileListPaths = (
				"${PODS_ROOT}/Target Support Files/Pods-Ex1Tests/Pods-Ex1Tests-frameworks-${CONFIGURATION}-output-files.xcfilelist",
			);
			runOnlyForDeploymentPostprocessing = 0;
			shellPath = /bin/sh;
			shellScript = "\"${PODS_ROOT}/Target Support Files/Pods-Ex1Tests/Pods-Ex1Tests-frameworks.sh\"\n";
			showEnvVarsInLog = 0;
		};
/* End PBXShellScriptBuildPhase section */

/* Begin PBXSourcesBuildPhase section */
		265EC9902A2E18AE00DE6521 /* Sources */ = {
			isa = PBXSourcesBuildPhase;
			buildActionMask = 2147483647;
			files = (
				265EC9972A2E18AE00DE6521 /* Ex1Tests.swift in Sources */,
				E18A86962B59B4D240F80D71 /* Ex1Tests-Ex1Mocks.generated.swift in Sources */,
			);
			runOnlyForDeploymentPostprocessing = 0;
		};
		26F99B402A29926800F0AF8F /* Sources */ = {
			isa = PBXSourcesBuildPhase;
			buildActionMask = 2147483647;
			files = (
				265EC9CF2A3745B500DE6521 /* MainVC.swift in Sources */,
				26B24A8C2A4BB99D0047A8AE /* DetailCommentViewController.swift in Sources */,
				26AC93CE2A374BA4003C47F9 /* MainTabbarViewController.swift in Sources */,
				268F7F342A4214F700371229 /* FavoriteAPIService.swift in Sources */,
				260554BE2A39E05500EC9F4A /* HomeTableViewCell.swift in Sources */,
				268F7F3C2A421E3400371229 /* FavoriteViewController.swift in Sources */,
				265EC96A2A2E104400DE6521 /* LoginViewController.swift in Sources */,
				2649A2C92A44812F002F4E20 /* PinEntity.swift in Sources */,
				265EC9BC2A32B97000DE6521 /* UserEntitiy.swift in Sources */,
				265EC9AF2A30B44A00DE6521 /* Constants.swift in Sources */,
				265EC9C12A33564E00DE6521 /* AuthService.swift in Sources */,
				265EC9C92A35A83E00DE6521 /* RegisterViewController.swift in Sources */,
				2649A2CD2A45DEA9002F4E20 /* AuthenticateHandler.swift in Sources */,
				263448212A402F6D006F94B8 /* PinPostRouter.swift in Sources */,
				260554CD2A39EFE000EC9F4A /* AuthorEtity.swift in Sources */,
				268F7F402A42293C00371229 /* FavoriteRepository.swift in Sources */,
				263448252A4086D3006F94B8 /* PinPostRepository.swift in Sources */,
				268F7F442A42E59700371229 /* ObjectResponse.swift in Sources */,
				26B24A7C2A49B3AE0047A8AE /* ProfileViewController.swift in Sources */,
				265EC9B92A3247B200DE6521 /* AuthAPIService.swift in Sources */,
				26AC93D02A37528B003C47F9 /* CustomStyleTabBarContentView.swift in Sources */,
				268F7F3E2A421E4B00371229 /* FavoritePresent.swift in Sources */,
				260554C52A39E42800EC9F4A /* PostRouter.swift in Sources */,
				266C0BF52A3C071700A54CB8 /* HomePresent.swift in Sources */,
				262332242A39F58F00C1D612 /* ArrayResponse.swift in Sources */,
				26AC93D42A375D65003C47F9 /* AppNavigationController.swift in Sources */,
				26F99B4C2A29926800F0AF8F /* ViewController.swift in Sources */,
				26B24A862A49C9690047A8AE /* UpdateProfilePresenter.swift in Sources */,
				265EC9AB2A30B1EE00DE6521 /* AuthRouter.swift in Sources */,
				265EC9BF2A334AA400DE6521 /* UserDefaultService.swift in Sources */,
				268F7F382A421E0700371229 /* FavoriteTableViewCell.swift in Sources */,
				268F7F322A4214D300371229 /* FavoriteRouter.swift in Sources */,
				26B24A882A49CB5A0047A8AE /* UpdateProfileViewController.swift in Sources */,
				263448152A400FF7006F94B8 /* PinPostViewController.swift in Sources */,
				268F7F912A43262D00371229 /* PostCoreDataService.swift in Sources */,
				260554C12A39E06B00EC9F4A /* HomeViewController.swift in Sources */,
				26B24A832A49C45E0047A8AE /* UserAPIService.swift in Sources */,
				268F7F422A42980700371229 /* FavoriteEntity.swift in Sources */,
				26B24A942A4BE56E0047A8AE /* UserRepository.swift in Sources */,
				265EC9B42A3246B300DE6521 /* Validator.swift in Sources */,
				265EC99F2A2E235A00DE6521 /* LoginEntity.swift in Sources */,
				2649A2CB2A45C910002F4E20 /* NetworkManager.swift in Sources */,
				26B24A7E2A49C4040047A8AE /* ProfilePresent.swift in Sources */,
				263448132A400FCC006F94B8 /* PinPostPresent.swift in Sources */,
				265EC96C2A2E106200DE6521 /* LoginPresenter.swift in Sources */,
				26B24A912A4BBB410047A8AE /* DetailCommentTableViewCell.swift in Sources */,
				26F99B822A29C55000F0AF8F /* ItemSectionCollectionViewCell.swift in Sources */,
				26F99B482A29926800F0AF8F /* AppDelegate.swift in Sources */,
				265EC9A22A2E249800DE6521 /* AuthRepository.swift in Sources */,
				26F99B892A29E8B900F0AF8F /* TutorialViewController.swift in Sources */,
				265EC9B62A3246DC00DE6521 /* Connnectivity.swift in Sources */,
				265EC9B22A32469800DE6521 /* enums.swift in Sources */,
				260554C72A39E6BF00EC9F4A /* PostAPIService.swift in Sources */,
				26AC93D32A375D65003C47F9 /* AppColors.swift in Sources */,
				26B24A822A49C45E0047A8AE /* UserAPIServiceRouter.swift in Sources */,
				260554CF2A39EFF500EC9F4A /* ProfileEntity.swift in Sources */,
				263448232A402F7C006F94B8 /* PinPostAPIService.swift in Sources */,
				2634481D2A40152F006F94B8 /* PinPostTableViewCell.swift in Sources */,
				266C0BF72A3C320400A54CB8 /* PostRepository.swift in Sources */,
				265EC9CC2A36C0D900DE6521 /* RegisterPresent.swift in Sources */,
				268F7F472A431AA200371229 /* Model.xcdatamodeld in Sources */,
				260554C92A39EBAC00EC9F4A /* PostEntity.swift in Sources */,
				26F99B4A2A29926800F0AF8F /* SceneDelegate.swift in Sources */,
			);
			runOnlyForDeploymentPostprocessing = 0;
		};
/* End PBXSourcesBuildPhase section */

/* Begin PBXTargetDependency section */
		265EC9992A2E18AE00DE6521 /* PBXTargetDependency */ = {
			isa = PBXTargetDependency;
			target = 26F99B432A29926800F0AF8F /* Ex1 */;
			targetProxy = 265EC9982A2E18AE00DE6521 /* PBXContainerItemProxy */;
		};
/* End PBXTargetDependency section */

/* Begin PBXVariantGroup section */
		26F99B4D2A29926800F0AF8F /* Main.storyboard */ = {
			isa = PBXVariantGroup;
			children = (
				26F99B4E2A29926800F0AF8F /* Base */,
			);
			name = Main.storyboard;
			sourceTree = "<group>";
		};
		26F99B522A29926A00F0AF8F /* LaunchScreen.storyboard */ = {
			isa = PBXVariantGroup;
			children = (
				26F99B532A29926A00F0AF8F /* Base */,
			);
			name = LaunchScreen.storyboard;
			sourceTree = "<group>";
		};
/* End PBXVariantGroup section */

/* Begin XCBuildConfiguration section */
		265EC99B2A2E18AE00DE6521 /* Debug */ = {
			isa = XCBuildConfiguration;
			baseConfigurationReference = D5E9E103B0F35F2FBFBF1025 /* Pods-Ex1Tests.debug.xcconfig */;
			buildSettings = {
				BUNDLE_LOADER = "$(TEST_HOST)";
				CODE_SIGN_STYLE = Automatic;
				CURRENT_PROJECT_VERSION = 1;
				GENERATE_INFOPLIST_FILE = YES;
				MARKETING_VERSION = 1.0;
				PRODUCT_BUNDLE_IDENTIFIER = Truongduytan.Ex1Tests;
				PRODUCT_NAME = "$(TARGET_NAME)";
				SWIFT_EMIT_LOC_STRINGS = NO;
				SWIFT_VERSION = 5.0;
				TARGETED_DEVICE_FAMILY = "1,2";
				TEST_HOST = "$(BUILT_PRODUCTS_DIR)/Ex1.app/$(BUNDLE_EXECUTABLE_FOLDER_PATH)/Ex1";
			};
			name = Debug;
		};
		265EC99C2A2E18AE00DE6521 /* Release */ = {
			isa = XCBuildConfiguration;
			baseConfigurationReference = 189CECDB2FD6F1DEA5C24669 /* Pods-Ex1Tests.release.xcconfig */;
			buildSettings = {
				BUNDLE_LOADER = "$(TEST_HOST)";
				CODE_SIGN_STYLE = Automatic;
				CURRENT_PROJECT_VERSION = 1;
				GENERATE_INFOPLIST_FILE = YES;
				MARKETING_VERSION = 1.0;
				PRODUCT_BUNDLE_IDENTIFIER = Truongduytan.Ex1Tests;
				PRODUCT_NAME = "$(TARGET_NAME)";
				SWIFT_EMIT_LOC_STRINGS = NO;
				SWIFT_VERSION = 5.0;
				TARGETED_DEVICE_FAMILY = "1,2";
				TEST_HOST = "$(BUILT_PRODUCTS_DIR)/Ex1.app/$(BUNDLE_EXECUTABLE_FOLDER_PATH)/Ex1";
			};
			name = Release;
		};
		26F99B6C2A29926A00F0AF8F /* Debug */ = {
			isa = XCBuildConfiguration;
			buildSettings = {
				ALWAYS_SEARCH_USER_PATHS = NO;
				CLANG_ANALYZER_NONNULL = YES;
				CLANG_ANALYZER_NUMBER_OBJECT_CONVERSION = YES_AGGRESSIVE;
				CLANG_CXX_LANGUAGE_STANDARD = "gnu++20";
				CLANG_ENABLE_MODULES = YES;
				CLANG_ENABLE_OBJC_ARC = YES;
				CLANG_ENABLE_OBJC_WEAK = YES;
				CLANG_WARN_BLOCK_CAPTURE_AUTORELEASING = YES;
				CLANG_WARN_BOOL_CONVERSION = YES;
				CLANG_WARN_COMMA = YES;
				CLANG_WARN_CONSTANT_CONVERSION = YES;
				CLANG_WARN_DEPRECATED_OBJC_IMPLEMENTATIONS = YES;
				CLANG_WARN_DIRECT_OBJC_ISA_USAGE = YES_ERROR;
				CLANG_WARN_DOCUMENTATION_COMMENTS = YES;
				CLANG_WARN_EMPTY_BODY = YES;
				CLANG_WARN_ENUM_CONVERSION = YES;
				CLANG_WARN_INFINITE_RECURSION = YES;
				CLANG_WARN_INT_CONVERSION = YES;
				CLANG_WARN_NON_LITERAL_NULL_CONVERSION = YES;
				CLANG_WARN_OBJC_IMPLICIT_RETAIN_SELF = YES;
				CLANG_WARN_OBJC_LITERAL_CONVERSION = YES;
				CLANG_WARN_OBJC_ROOT_CLASS = YES_ERROR;
				CLANG_WARN_QUOTED_INCLUDE_IN_FRAMEWORK_HEADER = YES;
				CLANG_WARN_RANGE_LOOP_ANALYSIS = YES;
				CLANG_WARN_STRICT_PROTOTYPES = YES;
				CLANG_WARN_SUSPICIOUS_MOVE = YES;
				CLANG_WARN_UNGUARDED_AVAILABILITY = YES_AGGRESSIVE;
				CLANG_WARN_UNREACHABLE_CODE = YES;
				CLANG_WARN__DUPLICATE_METHOD_MATCH = YES;
				COPY_PHASE_STRIP = NO;
				DEBUG_INFORMATION_FORMAT = dwarf;
				ENABLE_STRICT_OBJC_MSGSEND = YES;
				ENABLE_TESTABILITY = YES;
				GCC_C_LANGUAGE_STANDARD = gnu11;
				GCC_DYNAMIC_NO_PIC = NO;
				GCC_NO_COMMON_BLOCKS = YES;
				GCC_OPTIMIZATION_LEVEL = 0;
				GCC_PREPROCESSOR_DEFINITIONS = (
					"DEBUG=1",
					"$(inherited)",
				);
				GCC_WARN_64_TO_32_BIT_CONVERSION = YES;
				GCC_WARN_ABOUT_RETURN_TYPE = YES_ERROR;
				GCC_WARN_UNDECLARED_SELECTOR = YES;
				GCC_WARN_UNINITIALIZED_AUTOS = YES_AGGRESSIVE;
				GCC_WARN_UNUSED_FUNCTION = YES;
				GCC_WARN_UNUSED_VARIABLE = YES;
				IPHONEOS_DEPLOYMENT_TARGET = 15.0;
				MTL_ENABLE_DEBUG_INFO = INCLUDE_SOURCE;
				MTL_FAST_MATH = YES;
				ONLY_ACTIVE_ARCH = YES;
				SDKROOT = iphoneos;
				SWIFT_ACTIVE_COMPILATION_CONDITIONS = DEBUG;
				SWIFT_OPTIMIZATION_LEVEL = "-Onone";
			};
			name = Debug;
		};
		26F99B6D2A29926A00F0AF8F /* Release */ = {
			isa = XCBuildConfiguration;
			buildSettings = {
				ALWAYS_SEARCH_USER_PATHS = NO;
				CLANG_ANALYZER_NONNULL = YES;
				CLANG_ANALYZER_NUMBER_OBJECT_CONVERSION = YES_AGGRESSIVE;
				CLANG_CXX_LANGUAGE_STANDARD = "gnu++20";
				CLANG_ENABLE_MODULES = YES;
				CLANG_ENABLE_OBJC_ARC = YES;
				CLANG_ENABLE_OBJC_WEAK = YES;
				CLANG_WARN_BLOCK_CAPTURE_AUTORELEASING = YES;
				CLANG_WARN_BOOL_CONVERSION = YES;
				CLANG_WARN_COMMA = YES;
				CLANG_WARN_CONSTANT_CONVERSION = YES;
				CLANG_WARN_DEPRECATED_OBJC_IMPLEMENTATIONS = YES;
				CLANG_WARN_DIRECT_OBJC_ISA_USAGE = YES_ERROR;
				CLANG_WARN_DOCUMENTATION_COMMENTS = YES;
				CLANG_WARN_EMPTY_BODY = YES;
				CLANG_WARN_ENUM_CONVERSION = YES;
				CLANG_WARN_INFINITE_RECURSION = YES;
				CLANG_WARN_INT_CONVERSION = YES;
				CLANG_WARN_NON_LITERAL_NULL_CONVERSION = YES;
				CLANG_WARN_OBJC_IMPLICIT_RETAIN_SELF = YES;
				CLANG_WARN_OBJC_LITERAL_CONVERSION = YES;
				CLANG_WARN_OBJC_ROOT_CLASS = YES_ERROR;
				CLANG_WARN_QUOTED_INCLUDE_IN_FRAMEWORK_HEADER = YES;
				CLANG_WARN_RANGE_LOOP_ANALYSIS = YES;
				CLANG_WARN_STRICT_PROTOTYPES = YES;
				CLANG_WARN_SUSPICIOUS_MOVE = YES;
				CLANG_WARN_UNGUARDED_AVAILABILITY = YES_AGGRESSIVE;
				CLANG_WARN_UNREACHABLE_CODE = YES;
				CLANG_WARN__DUPLICATE_METHOD_MATCH = YES;
				COPY_PHASE_STRIP = NO;
				DEBUG_INFORMATION_FORMAT = "dwarf-with-dsym";
				ENABLE_NS_ASSERTIONS = NO;
				ENABLE_STRICT_OBJC_MSGSEND = YES;
				GCC_C_LANGUAGE_STANDARD = gnu11;
				GCC_NO_COMMON_BLOCKS = YES;
				GCC_WARN_64_TO_32_BIT_CONVERSION = YES;
				GCC_WARN_ABOUT_RETURN_TYPE = YES_ERROR;
				GCC_WARN_UNDECLARED_SELECTOR = YES;
				GCC_WARN_UNINITIALIZED_AUTOS = YES_AGGRESSIVE;
				GCC_WARN_UNUSED_FUNCTION = YES;
				GCC_WARN_UNUSED_VARIABLE = YES;
				IPHONEOS_DEPLOYMENT_TARGET = 15.0;
				MTL_ENABLE_DEBUG_INFO = NO;
				MTL_FAST_MATH = YES;
				SDKROOT = iphoneos;
				SWIFT_COMPILATION_MODE = wholemodule;
				SWIFT_OPTIMIZATION_LEVEL = "-O";
				VALIDATE_PRODUCT = YES;
			};
			name = Release;
		};
		26F99B6F2A29926A00F0AF8F /* Debug */ = {
			isa = XCBuildConfiguration;
			baseConfigurationReference = 9F0C81532D544280A22115B0 /* Pods-Ex1.debug.xcconfig */;
			buildSettings = {
				ASSETCATALOG_COMPILER_APPICON_NAME = AppIcon;
				ASSETCATALOG_COMPILER_GLOBAL_ACCENT_COLOR_NAME = AccentColor;
				CODE_SIGN_ENTITLEMENTS = Ex1/Ex1.entitlements;
				CODE_SIGN_STYLE = Automatic;
				CURRENT_PROJECT_VERSION = 1;
				GENERATE_INFOPLIST_FILE = YES;
				INFOPLIST_FILE = Ex1/Info.plist;
				INFOPLIST_KEY_UIApplicationSupportsIndirectInputEvents = YES;
				INFOPLIST_KEY_UILaunchStoryboardName = LaunchScreen;
				INFOPLIST_KEY_UIMainStoryboardFile = Main;
				INFOPLIST_KEY_UISupportedInterfaceOrientations_iPad = "UIInterfaceOrientationPortrait UIInterfaceOrientationPortraitUpsideDown UIInterfaceOrientationLandscapeLeft UIInterfaceOrientationLandscapeRight";
				INFOPLIST_KEY_UISupportedInterfaceOrientations_iPhone = "UIInterfaceOrientationPortrait UIInterfaceOrientationLandscapeLeft UIInterfaceOrientationLandscapeRight";
				LD_RUNPATH_SEARCH_PATHS = (
					"$(inherited)",
					"@executable_path/Frameworks",
				);
				MARKETING_VERSION = 1.0;
				PRODUCT_BUNDLE_IDENTIFIER = Truongduytan.Ex1;
				PRODUCT_NAME = "$(TARGET_NAME)";
				SWIFT_EMIT_LOC_STRINGS = YES;
				SWIFT_VERSION = 5.0;
				TARGETED_DEVICE_FAMILY = "1,2";
			};
			name = Debug;
		};
		26F99B702A29926A00F0AF8F /* Release */ = {
			isa = XCBuildConfiguration;
			baseConfigurationReference = 6BB1D97B1BA980B4ECBC73A0 /* Pods-Ex1.release.xcconfig */;
			buildSettings = {
				ASSETCATALOG_COMPILER_APPICON_NAME = AppIcon;
				ASSETCATALOG_COMPILER_GLOBAL_ACCENT_COLOR_NAME = AccentColor;
				CODE_SIGN_ENTITLEMENTS = Ex1/Ex1.entitlements;
				CODE_SIGN_STYLE = Automatic;
				CURRENT_PROJECT_VERSION = 1;
				GENERATE_INFOPLIST_FILE = YES;
				INFOPLIST_FILE = Ex1/Info.plist;
				INFOPLIST_KEY_UIApplicationSupportsIndirectInputEvents = YES;
				INFOPLIST_KEY_UILaunchStoryboardName = LaunchScreen;
				INFOPLIST_KEY_UIMainStoryboardFile = Main;
				INFOPLIST_KEY_UISupportedInterfaceOrientations_iPad = "UIInterfaceOrientationPortrait UIInterfaceOrientationPortraitUpsideDown UIInterfaceOrientationLandscapeLeft UIInterfaceOrientationLandscapeRight";
				INFOPLIST_KEY_UISupportedInterfaceOrientations_iPhone = "UIInterfaceOrientationPortrait UIInterfaceOrientationLandscapeLeft UIInterfaceOrientationLandscapeRight";
				LD_RUNPATH_SEARCH_PATHS = (
					"$(inherited)",
					"@executable_path/Frameworks",
				);
				MARKETING_VERSION = 1.0;
				PRODUCT_BUNDLE_IDENTIFIER = Truongduytan.Ex1;
				PRODUCT_NAME = "$(TARGET_NAME)";
				SWIFT_EMIT_LOC_STRINGS = YES;
				SWIFT_VERSION = 5.0;
				TARGETED_DEVICE_FAMILY = "1,2";
			};
			name = Release;
		};
/* End XCBuildConfiguration section */

/* Begin XCConfigurationList section */
		265EC99A2A2E18AE00DE6521 /* Build configuration list for PBXNativeTarget "Ex1Tests" */ = {
			isa = XCConfigurationList;
			buildConfigurations = (
				265EC99B2A2E18AE00DE6521 /* Debug */,
				265EC99C2A2E18AE00DE6521 /* Release */,
			);
			defaultConfigurationIsVisible = 0;
			defaultConfigurationName = Release;
		};
		26F99B3F2A29926800F0AF8F /* Build configuration list for PBXProject "Ex1" */ = {
			isa = XCConfigurationList;
			buildConfigurations = (
				26F99B6C2A29926A00F0AF8F /* Debug */,
				26F99B6D2A29926A00F0AF8F /* Release */,
			);
			defaultConfigurationIsVisible = 0;
			defaultConfigurationName = Release;
		};
		26F99B6E2A29926A00F0AF8F /* Build configuration list for PBXNativeTarget "Ex1" */ = {
			isa = XCConfigurationList;
			buildConfigurations = (
				26F99B6F2A29926A00F0AF8F /* Debug */,
				26F99B702A29926A00F0AF8F /* Release */,
			);
			defaultConfigurationIsVisible = 0;
			defaultConfigurationName = Release;
		};
/* End XCConfigurationList section */

/* Begin XCVersionGroup section */
		268F7F452A431AA200371229 /* Model.xcdatamodeld */ = {
			isa = XCVersionGroup;
			children = (
				268F7F462A431AA200371229 /* Model.xcdatamodel */,
			);
			currentVersion = 268F7F462A431AA200371229 /* Model.xcdatamodel */;
			path = Model.xcdatamodeld;
			sourceTree = "<group>";
			versionGroupType = wrapper.xcdatamodel;
		};
/* End XCVersionGroup section */
	};
	rootObject = 26F99B3C2A29926800F0AF8F /* Project object */;
}
