{"projectHash":"6ac5d2f5e845fa4988240cb69b61ab9306cb2ca7","productModuleName":"Ex1Tests","mockedTypeNames":["\/Users\/truongduytan\/Documents\/Swift Nâng Cao\/Ex1\/Ex1Tests\/Ex1Tests.swift",["LoginDisplay"]],"cliVersion":"0.20.0","sourceFilePaths":[{"path":"\/Users\/truongduytan\/Documents\/Swift Nâng Cao\/Ex1\/Ex1Tests\/Ex1Tests.swift","hash":"9134da611e453ac892c4f8a64990bc84c52454b7"},{"path":"\/Users\/truongduytan\/Documents\/Swift Nâng Cao\/Ex1\/MockingbirdMocks\/Ex1Tests-Ex1Mocks.generated.swift","hash":"28307a69e63b2dbb4eec01124ae2b631873473e9"}],"sourceRoot":"\/Users\/truongduytan\/Documents\/Swift Nâng Cao\/Ex1","dependencies":[],"name":"Ex1Tests"}