{"projectHash":"4d5b1d9801c01b3f26e141c30a0813f8f29e2cdd","productModuleName":"Ex1Tests","mockedTypeNames":["\/Users\/truongduytan\/Documents\/Swift Nâng Cao\/Ex1\/Ex1Tests\/Ex1Tests.swift",["LoginDisplay"]],"cliVersion":"0.20.0","sourceFilePaths":[{"path":"\/Users\/truongduytan\/Documents\/Swift Nâng Cao\/Ex1\/Ex1Tests\/Ex1Tests.swift","hash":"20e83af4633c6b8de64ea9b3487eb9912e995a76"},{"path":"\/Users\/truongduytan\/Documents\/Swift Nâng Cao\/Ex1\/MockingbirdMocks\/Ex1Tests-Ex1Mocks.generated.swift","hash":"1bc22f3ad083d5f3faecf3597f95777b3d0e934b"}],"sourceRoot":"\/Users\/truongduytan\/Documents\/Swift Nâng Cao\/Ex1","dependencies":[],"name":"Ex1Tests"}